
Microsoft Visual Studio Solution File, Format Version 12.00
# Visual Studio Version 16
VisualStudioVersion = 16.0.28803.352
MinimumVisualStudioVersion = 10.0.40219.1
Project("{FAE04EC0-301F-11D3-BF4B-00C04F79EFBC}") = "MobileChatP2P.Android", "MobileChatP2P\MobileChatP2P.Android\MobileChatP2P.Android.csproj", "{650ACFDC-C213-4E4D-9E02-AF63089A26EF}"
EndProject
Project("{FAE04EC0-301F-11D3-BF4B-00C04F79EFBC}") = "MobileChatP2P", "MobileChatP2P\MobileChatP2P\MobileChatP2P.csproj", "{9987350A-434D-4874-A5B7-8D8A649C44DE}"
EndProject
Global
	GlobalSection(SolutionConfigurationPlatforms) = preSolution
		Debug|Any CPU = Debug|Any CPU
		Release|Any CPU = Release|Any CPU
	EndGlobalSection
	GlobalSection(ProjectConfigurationPlatforms) = postSolution
		{650ACFDC-C213-4E4D-9E02-AF63089A26EF}.Debug|Any CPU.ActiveCfg = Debug|Any CPU
		{650ACFDC-C213-4E4D-9E02-AF63089A26EF}.Debug|Any CPU.Build.0 = Debug|Any CPU
		{650ACFDC-C213-4E4D-9E02-AF63089A26EF}.Debug|Any CPU.Deploy.0 = Debug|Any CPU
		{650ACFDC-C213-4E4D-9E02-AF63089A26EF}.Release|Any CPU.ActiveCfg = Release|Any CPU
		{650ACFDC-C213-4E4D-9E02-AF63089A26EF}.Release|Any CPU.Build.0 = Release|Any CPU
		{650ACFDC-C213-4E4D-9E02-AF63089A26EF}.Release|Any CPU.Deploy.0 = Release|Any CPU
		{9987350A-434D-4874-A5B7-8D8A649C44DE}.Debug|Any CPU.ActiveCfg = Debug|Any CPU
		{9987350A-434D-4874-A5B7-8D8A649C44DE}.Debug|Any CPU.Build.0 = Debug|Any CPU
		{9987350A-434D-4874-A5B7-8D8A649C44DE}.Debug|Any CPU.Deploy.0 = Debug|Any CPU
		{9987350A-434D-4874-A5B7-8D8A649C44DE}.Release|Any CPU.ActiveCfg = Release|Any CPU
		{9987350A-434D-4874-A5B7-8D8A649C44DE}.Release|Any CPU.Build.0 = Release|Any CPU
		{9987350A-434D-4874-A5B7-8D8A649C44DE}.Release|Any CPU.Deploy.0 = Release|Any CPU
	EndGlobalSection
	GlobalSection(SolutionProperties) = preSolution
		HideSolutionNode = FALSE
	EndGlobalSection
	GlobalSection(ExtensibilityGlobals) = postSolution
		SolutionGuid = {8F451BF8-BFF0-4409-ABA1-F7538A6E7FFF}
	EndGlobalSection
EndGlobal
